
Microsoft Visual Studio Solution File, Format Version 12.00
# Visual Studio Version 17
VisualStudioVersion = 17.8.34330.188
MinimumVisualStudioVersion = 10.0.40219.1
Project("{FAE04EC0-301F-11D3-BF4B-00C04F79EFBC}") = "DebitCardReader", "DebitCardReader\DebitCardReader.csproj", "{F4E33B15-33EB-4C95-B87E-6F76DFD374CD}"
EndProject
Project("{FAE04EC0-301F-11D3-BF4B-00C04F79EFBC}") = "DebitCardTest", "DebitCardTest\DebitCardTest.csproj", "{B070F2A7-8D8F-4346-98ED-2A83AC772F70}"
EndProject
Global
	GlobalSection(SolutionConfigurationPlatforms) = preSolution
		Debug|Any CPU = Debug|Any CPU
		Release|Any CPU = Release|Any CPU
	EndGlobalSection
	GlobalSection(ProjectConfigurationPlatforms) = postSolution
		{F4E33B15-33EB-4C95-B87E-6F76DFD374CD}.Debug|Any CPU.ActiveCfg = Debug|Any CPU
		{F4E33B15-33EB-4C95-B87E-6F76DFD374CD}.Debug|Any CPU.Build.0 = Debug|Any CPU
		{F4E33B15-33EB-4C95-B87E-6F76DFD374CD}.Release|Any CPU.ActiveCfg = Release|Any CPU
		{F4E33B15-33EB-4C95-B87E-6F76DFD374CD}.Release|Any CPU.Build.0 = Release|Any CPU
		{B070F2A7-8D8F-4346-98ED-2A83AC772F70}.Debug|Any CPU.ActiveCfg = Debug|Any CPU
		{B070F2A7-8D8F-4346-98ED-2A83AC772F70}.Debug|Any CPU.Build.0 = Debug|Any CPU
		{B070F2A7-8D8F-4346-98ED-2A83AC772F70}.Release|Any CPU.ActiveCfg = Release|Any CPU
		{B070F2A7-8D8F-4346-98ED-2A83AC772F70}.Release|Any CPU.Build.0 = Release|Any CPU
	EndGlobalSection
	GlobalSection(SolutionProperties) = preSolution
		HideSolutionNode = FALSE
	EndGlobalSection
	GlobalSection(ExtensibilityGlobals) = postSolution
		SolutionGuid = {2F8A7683-B96C-4030-B950-C5A4A89E543B}
	EndGlobalSection
EndGlobal
